// !$*UTF8*$!
{
	archiveVersion = 1;
	classes = {
	};
	objectVersion = 51;
	objects = {

/* Begin PBXBuildFile section */
		2605DE0582B954D9ECE4E27E /* Pods_BlueAvalanche.framework in Frameworks */ = {isa = PBXBuildFile; fileRef = F450D4F54FFFA1A71EE9E5CF /* Pods_BlueAvalanche.framework */; };
		704ACFBE24650CD700FD538D /* TwitterService.swift in Sources */ = {isa = PBXBuildFile; fileRef = 704ACFBD24650CD700FD538D /* TwitterService.swift */; };
		704ACFC024650E2100FD538D /* SafariView.swift in Sources */ = {isa = PBXBuildFile; fileRef = 704ACFBF24650E2100FD538D /* SafariView.swift */; };
		7061395B245BBE71009F4744 /* AppDelegate.swift in Sources */ = {isa = PBXBuildFile; fileRef = 7061395A245BBE71009F4744 /* AppDelegate.swift */; };
		7061395D245BBE71009F4744 /* SceneDelegate.swift in Sources */ = {isa = PBXBuildFile; fileRef = 7061395C245BBE71009F4744 /* SceneDelegate.swift */; };
		7061395F245BBE71009F4744 /* LoginView.swift in Sources */ = {isa = PBXBuildFile; fileRef = 7061395E245BBE71009F4744 /* LoginView.swift */; };
		70613961245BBE75009F4744 /* Assets.xcassets in Resources */ = {isa = PBXBuildFile; fileRef = 70613960245BBE75009F4744 /* Assets.xcassets */; };
		70613964245BBE75009F4744 /* Preview Assets.xcassets in Resources */ = {isa = PBXBuildFile; fileRef = 70613963245BBE75009F4744 /* Preview Assets.xcassets */; };
		70613967245BBE75009F4744 /* LaunchScreen.storyboard in Resources */ = {isa = PBXBuildFile; fileRef = 70613965245BBE75009F4744 /* LaunchScreen.storyboard */; };
/* End PBXBuildFile section */

/* Begin PBXFileReference section */
		704ACFBD24650CD700FD538D /* TwitterService.swift */ = {isa = PBXFileReference; lastKnownFileType = sourcecode.swift; path = TwitterService.swift; sourceTree = "<group>"; };
		704ACFBF24650E2100FD538D /* SafariView.swift */ = {isa = PBXFileReference; lastKnownFileType = sourcecode.swift; path = SafariView.swift; sourceTree = "<group>"; };
		70613957245BBE71009F4744 /* BlueAvalanche.app */ = {isa = PBXFileReference; explicitFileType = wrapper.application; includeInIndex = 0; path = BlueAvalanche.app; sourceTree = BUILT_PRODUCTS_DIR; };
		7061395A245BBE71009F4744 /* AppDelegate.swift */ = {isa = PBXFileReference; lastKnownFileType = sourcecode.swift; path = AppDelegate.swift; sourceTree = "<group>"; };
		7061395C245BBE71009F4744 /* SceneDelegate.swift */ = {isa = PBXFileReference; lastKnownFileType = sourcecode.swift; path = SceneDelegate.swift; sourceTree = "<group>"; };
		7061395E245BBE71009F4744 /* LoginView.swift */ = {isa = PBXFileReference; lastKnownFileType = sourcecode.swift; path = LoginView.swift; sourceTree = "<group>"; };
		70613960245BBE75009F4744 /* Assets.xcassets */ = {isa = PBXFileReference; lastKnownFileType = folder.assetcatalog; path = Assets.xcassets; sourceTree = "<group>"; };
		70613963245BBE75009F4744 /* Preview Assets.xcassets */ = {isa = PBXFileReference; lastKnownFileType = folder.assetcatalog; path = "Preview Assets.xcassets"; sourceTree = "<group>"; };
		70613966245BBE75009F4744 /* Base */ = {isa = PBXFileReference; lastKnownFileType = file.storyboard; name = Base; path = Base.lproj/LaunchScreen.storyboard; sourceTree = "<group>"; };
		70613968245BBE75009F4744 /* Info.plist */ = {isa = PBXFileReference; lastKnownFileType = text.plist.xml; path = Info.plist; sourceTree = "<group>"; };
		F450D4F54FFFA1A71EE9E5CF /* Pods_BlueAvalanche.framework */ = {isa = PBXFileReference; explicitFileType = wrapper.framework; includeInIndex = 0; path = Pods_BlueAvalanche.framework; sourceTree = BUILT_PRODUCTS_DIR; };
		F51436DB7CD8D3E7A954938E /* Pods-BlueAvalanche.debug.xcconfig */ = {isa = PBXFileReference; includeInIndex = 1; lastKnownFileType = text.xcconfig; name = "Pods-BlueAvalanche.debug.xcconfig"; path = "Target Support Files/Pods-BlueAvalanche/Pods-BlueAvalanche.debug.xcconfig"; sourceTree = "<group>"; };
		F617A741876CF8A0B7C707B1 /* Pods-BlueAvalanche.release.xcconfig */ = {isa = PBXFileReference; includeInIndex = 1; lastKnownFileType = text.xcconfig; name = "Pods-BlueAvalanche.release.xcconfig"; path = "Target Support Files/Pods-BlueAvalanche/Pods-BlueAvalanche.release.xcconfig"; sourceTree = "<group>"; };
/* End PBXFileReference section */

/* Begin PBXFrameworksBuildPhase section */
		70613954245BBE71009F4744 /* Frameworks */ = {
			isa = PBXFrameworksBuildPhase;
			buildActionMask = 2147483647;
			files = (
				2605DE0582B954D9ECE4E27E /* Pods_BlueAvalanche.framework in Frameworks */,
			);
			runOnlyForDeploymentPostprocessing = 0;
		};
/* End PBXFrameworksBuildPhase section */

/* Begin PBXGroup section */
		7061394E245BBE71009F4744 = {
			isa = PBXGroup;
			children = (
				70613959245BBE71009F4744 /* BlueAvalanche */,
				70613958245BBE71009F4744 /* Products */,
				9D356F86601E034AA7B048C4 /* Pods */,
				72E0255ACC7CF5DE2A2F6258 /* Frameworks */,
			);
			sourceTree = "<group>";
		};
		70613958245BBE71009F4744 /* Products */ = {
			isa = PBXGroup;
			children = (
				70613957245BBE71009F4744 /* BlueAvalanche.app */,
			);
			name = Products;
			sourceTree = "<group>";
		};
		70613959245BBE71009F4744 /* BlueAvalanche */ = {
			isa = PBXGroup;
			children = (
				7061395A245BBE71009F4744 /* AppDelegate.swift */,
				7061395C245BBE71009F4744 /* SceneDelegate.swift */,
				7061395E245BBE71009F4744 /* LoginView.swift */,
				70613960245BBE75009F4744 /* Assets.xcassets */,
				70613965245BBE75009F4744 /* LaunchScreen.storyboard */,
				70613968245BBE75009F4744 /* Info.plist */,
				70613962245BBE75009F4744 /* Preview Content */,
				704ACFBD24650CD700FD538D /* TwitterService.swift */,
				704ACFBF24650E2100FD538D /* SafariView.swift */,
			);
			path = BlueAvalanche;
			sourceTree = "<group>";
		};
		70613962245BBE75009F4744 /* Preview Content */ = {
			isa = PBXGroup;
			children = (
				70613963245BBE75009F4744 /* Preview Assets.xcassets */,
			);
			path = "Preview Content";
			sourceTree = "<group>";
		};
		72E0255ACC7CF5DE2A2F6258 /* Frameworks */ = {
			isa = PBXGroup;
			children = (
				F450D4F54FFFA1A71EE9E5CF /* Pods_BlueAvalanche.framework */,
			);
			name = Frameworks;
			sourceTree = "<group>";
		};
		9D356F86601E034AA7B048C4 /* Pods */ = {
			isa = PBXGroup;
			children = (
				F51436DB7CD8D3E7A954938E /* Pods-BlueAvalanche.debug.xcconfig */,
				F617A741876CF8A0B7C707B1 /* Pods-BlueAvalanche.release.xcconfig */,
			);
			path = Pods;
			sourceTree = "<group>";
		};
/* End PBXGroup section */

/* Begin PBXNativeTarget section */
		70613956245BBE71009F4744 /* BlueAvalanche */ = {
			isa = PBXNativeTarget;
			buildConfigurationList = 7061396B245BBE75009F4744 /* Build configuration list for PBXNativeTarget "BlueAvalanche" */;
			buildPhases = (
				E3A32226439A171412805D86 /* [CP] Check Pods Manifest.lock */,
				70613953245BBE71009F4744 /* Sources */,
				70613954245BBE71009F4744 /* Frameworks */,
				70613955245BBE71009F4744 /* Resources */,
				7E92D7BBBCB782158074C76D /* [CP] Embed Pods Frameworks */,
			);
			buildRules = (
			);
			dependencies = (
			);
			name = BlueAvalanche;
			productName = BlueAvalanche;
			productReference = 70613957245BBE71009F4744 /* BlueAvalanche.app */;
			productType = "com.apple.product-type.application";
		};
/* End PBXNativeTarget section */

/* Begin PBXProject section */
		7061394F245BBE71009F4744 /* Project object */ = {
			isa = PBXProject;
			attributes = {
				LastSwiftUpdateCheck = 1140;
				LastUpgradeCheck = 1140;
				ORGANIZATIONNAME = "Pavel Savva";
				TargetAttributes = {
					70613956245BBE71009F4744 = {
						CreatedOnToolsVersion = 11.4.1;
					};
				};
			};
			buildConfigurationList = 70613952245BBE71009F4744 /* Build configuration list for PBXProject "BlueAvalanche" */;
			compatibilityVersion = "Xcode 9.3";
			developmentRegion = en;
			hasScannedForEncodings = 0;
			knownRegions = (
				en,
				Base,
			);
			mainGroup = 7061394E245BBE71009F4744;
			productRefGroup = 70613958245BBE71009F4744 /* Products */;
			projectDirPath = "";
			projectRoot = "";
			targets = (
				70613956245BBE71009F4744 /* BlueAvalanche */,
			);
		};
/* End PBXProject section */

/* Begin PBXResourcesBuildPhase section */
		70613955245BBE71009F4744 /* Resources */ = {
			isa = PBXResourcesBuildPhase;
			buildActionMask = 2147483647;
			files = (
				70613967245BBE75009F4744 /* LaunchScreen.storyboard in Resources */,
				70613964245BBE75009F4744 /* Preview Assets.xcassets in Resources */,
				70613961245BBE75009F4744 /* Assets.xcassets in Resources */,
			);
			runOnlyForDeploymentPostprocessing = 0;
		};
/* End PBXResourcesBuildPhase section */

/* Begin PBXShellScriptBuildPhase section */
		7E92D7BBBCB782158074C76D /* [CP] Embed Pods Frameworks */ = {
			isa = PBXShellScriptBuildPhase;
			buildActionMask = 2147483647;
			files = (
			);
			inputFileListPaths = (
				"${PODS_ROOT}/Target Support Files/Pods-BlueAvalanche/Pods-BlueAvalanche-frameworks-${CONFIGURATION}-input-files.xcfilelist",
			);
			name = "[CP] Embed Pods Frameworks";
			outputFileListPaths = (
				"${PODS_ROOT}/Target Support Files/Pods-BlueAvalanche/Pods-BlueAvalanche-frameworks-${CONFIGURATION}-output-files.xcfilelist",
			);
			runOnlyForDeploymentPostprocessing = 0;
			shellPath = /bin/sh;
			shellScript = "\"${PODS_ROOT}/Target Support Files/Pods-BlueAvalanche/Pods-BlueAvalanche-frameworks.sh\"\n";
			showEnvVarsInLog = 0;
		};
		E3A32226439A171412805D86 /* [CP] Check Pods Manifest.lock */ = {
			isa = PBXShellScriptBuildPhase;
			buildActionMask = 2147483647;
			files = (
			);
			inputFileListPaths = (
			);
			inputPaths = (
				"${PODS_PODFILE_DIR_PATH}/Podfile.lock",
				"${PODS_ROOT}/Manifest.lock",
			);
			name = "[CP] Check Pods Manifest.lock";
			outputFileListPaths = (
			);
			outputPaths = (
				"$(DERIVED_FILE_DIR)/Pods-BlueAvalanche-checkManifestLockResult.txt",
			);
			runOnlyForDeploymentPostprocessing = 0;
			shellPath = /bin/sh;
			shellScript = "diff \"${PODS_PODFILE_DIR_PATH}/Podfile.lock\" \"${PODS_ROOT}/Manifest.lock\" > /dev/null\nif [ $? != 0 ] ; then\n    # print error to STDERR\n    echo \"error: The sandbox is not in sync with the Podfile.lock. Run 'pod install' or update your CocoaPods installation.\" >&2\n    exit 1\nfi\n# This output is used by Xcode 'outputs' to avoid re-running this script phase.\necho \"SUCCESS\" > \"${SCRIPT_OUTPUT_FILE_0}\"\n";
			showEnvVarsInLog = 0;
		};
/* End PBXShellScriptBuildPhase section */

/* Begin PBXSourcesBuildPhase section */
		70613953245BBE71009F4744 /* Sources */ = {
			isa = PBXSourcesBuildPhase;
			buildActionMask = 2147483647;
			files = (
				7061395B245BBE71009F4744 /* AppDelegate.swift in Sources */,
				704ACFBE24650CD700FD538D /* TwitterService.swift in Sources */,
				7061395D245BBE71009F4744 /* SceneDelegate.swift in Sources */,
				7061395F245BBE71009F4744 /* LoginView.swift in Sources */,
				704ACFC024650E2100FD538D /* SafariView.swift in Sources */,
			);
			runOnlyForDeploymentPostprocessing = 0;
		};
/* End PBXSourcesBuildPhase section */

/* Begin PBXVariantGroup section */
		70613965245BBE75009F4744 /* LaunchScreen.storyboard */ = {
			isa = PBXVariantGroup;
			children = (
				70613966245BBE75009F4744 /* Base */,
			);
			name = LaunchScreen.storyboard;
			sourceTree = "<group>";
		};
/* End PBXVariantGroup section */

/* Begin XCBuildConfiguration section */
		70613969245BBE75009F4744 /* Debug */ = {
			isa = XCBuildConfiguration;
			buildSettings = {
				ALWAYS_SEARCH_USER_PATHS = NO;
				CLANG_ANALYZER_NONNULL = YES;
				CLANG_ANALYZER_NUMBER_OBJECT_CONVERSION = YES_AGGRESSIVE;
				CLANG_CXX_LANGUAGE_STANDARD = "gnu++14";
				CLANG_CXX_LIBRARY = "libc++";
				CLANG_ENABLE_MODULES = YES;
				CLANG_ENABLE_OBJC_ARC = YES;
				CLANG_ENABLE_OBJC_WEAK = YES;
				CLANG_WARN_BLOCK_CAPTURE_AUTORELEASING = YES;
				CLANG_WARN_BOOL_CONVERSION = YES;
				CLANG_WARN_COMMA = YES;
				CLANG_WARN_CONSTANT_CONVERSION = YES;
				CLANG_WARN_DEPRECATED_OBJC_IMPLEMENTATIONS = YES;
				CLANG_WARN_DIRECT_OBJC_ISA_USAGE = YES_ERROR;
				CLANG_WARN_DOCUMENTATION_COMMENTS = YES;
				CLANG_WARN_EMPTY_BODY = YES;
				CLANG_WARN_ENUM_CONVERSION = YES;
				CLANG_WARN_INFINITE_RECURSION = YES;
				CLANG_WARN_INT_CONVERSION = YES;
				CLANG_WARN_NON_LITERAL_NULL_CONVERSION = YES;
				CLANG_WARN_OBJC_IMPLICIT_RETAIN_SELF = YES;
				CLANG_WARN_OBJC_LITERAL_CONVERSION = YES;
				CLANG_WARN_OBJC_ROOT_CLASS = YES_ERROR;
				CLANG_WARN_RANGE_LOOP_ANALYSIS = YES;
				CLANG_WARN_STRICT_PROTOTYPES = YES;
				CLANG_WARN_SUSPICIOUS_MOVE = YES;
				CLANG_WARN_UNGUARDED_AVAILABILITY = YES_AGGRESSIVE;
				CLANG_WARN_UNREACHABLE_CODE = YES;
				CLANG_WARN__DUPLICATE_METHOD_MATCH = YES;
				COPY_PHASE_STRIP = NO;
				DEBUG_INFORMATION_FORMAT = dwarf;
				ENABLE_STRICT_OBJC_MSGSEND = YES;
				ENABLE_TESTABILITY = YES;
				GCC_C_LANGUAGE_STANDARD = gnu11;
				GCC_DYNAMIC_NO_PIC = NO;
				GCC_NO_COMMON_BLOCKS = YES;
				GCC_OPTIMIZATION_LEVEL = 0;
				GCC_PREPROCESSOR_DEFINITIONS = (
					"DEBUG=1",
					"$(inherited)",
				);
				GCC_WARN_64_TO_32_BIT_CONVERSION = YES;
				GCC_WARN_ABOUT_RETURN_TYPE = YES_ERROR;
				GCC_WARN_UNDECLARED_SELECTOR = YES;
				GCC_WARN_UNINITIALIZED_AUTOS = YES_AGGRESSIVE;
				GCC_WARN_UNUSED_FUNCTION = YES;
				GCC_WARN_UNUSED_VARIABLE = YES;
				IPHONEOS_DEPLOYMENT_TARGET = 13.4;
				MTL_ENABLE_DEBUG_INFO = INCLUDE_SOURCE;
				MTL_FAST_MATH = YES;
				ONLY_ACTIVE_ARCH = YES;
				SDKROOT = iphoneos;
				SWIFT_ACTIVE_COMPILATION_CONDITIONS = DEBUG;
				SWIFT_OPTIMIZATION_LEVEL = "-Onone";
			};
			name = Debug;
		};
		7061396A245BBE75009F4744 /* Release */ = {
			isa = XCBuildConfiguration;
			buildSettings = {
				ALWAYS_SEARCH_USER_PATHS = NO;
				CLANG_ANALYZER_NONNULL = YES;
				CLANG_ANALYZER_NUMBER_OBJECT_CONVERSION = YES_AGGRESSIVE;
				CLANG_CXX_LANGUAGE_STANDARD = "gnu++14";
				CLANG_CXX_LIBRARY = "libc++";
				CLANG_ENABLE_MODULES = YES;
				CLANG_ENABLE_OBJC_ARC = YES;
				CLANG_ENABLE_OBJC_WEAK = YES;
				CLANG_WARN_BLOCK_CAPTURE_AUTORELEASING = YES;
				CLANG_WARN_BOOL_CONVERSION = YES;
				CLANG_WARN_COMMA = YES;
				CLANG_WARN_CONSTANT_CONVERSION = YES;
				CLANG_WARN_DEPRECATED_OBJC_IMPLEMENTATIONS = YES;
				CLANG_WARN_DIRECT_OBJC_ISA_USAGE = YES_ERROR;
				CLANG_WARN_DOCUMENTATION_COMMENTS = YES;
				CLANG_WARN_EMPTY_BODY = YES;
				CLANG_WARN_ENUM_CONVERSION = YES;
				CLANG_WARN_INFINITE_RECURSION = YES;
				CLANG_WARN_INT_CONVERSION = YES;
				CLANG_WARN_NON_LITERAL_NULL_CONVERSION = YES;
				CLANG_WARN_OBJC_IMPLICIT_RETAIN_SELF = YES;
				CLANG_WARN_OBJC_LITERAL_CONVERSION = YES;
				CLANG_WARN_OBJC_ROOT_CLASS = YES_ERROR;
				CLANG_WARN_RANGE_LOOP_ANALYSIS = YES;
				CLANG_WARN_STRICT_PROTOTYPES = YES;
				CLANG_WARN_SUSPICIOUS_MOVE = YES;
				CLANG_WARN_UNGUARDED_AVAILABILITY = YES_AGGRESSIVE;
				CLANG_WARN_UNREACHABLE_CODE = YES;
				CLANG_WARN__DUPLICATE_METHOD_MATCH = YES;
				COPY_PHASE_STRIP = NO;
				DEBUG_INFORMATION_FORMAT = "dwarf-with-dsym";
				ENABLE_NS_ASSERTIONS = NO;
				ENABLE_STRICT_OBJC_MSGSEND = YES;
				GCC_C_LANGUAGE_STANDARD = gnu11;
				GCC_NO_COMMON_BLOCKS = YES;
				GCC_WARN_64_TO_32_BIT_CONVERSION = YES;
				GCC_WARN_ABOUT_RETURN_TYPE = YES_ERROR;
				GCC_WARN_UNDECLARED_SELECTOR = YES;
				GCC_WARN_UNINITIALIZED_AUTOS = YES_AGGRESSIVE;
				GCC_WARN_UNUSED_FUNCTION = YES;
				GCC_WARN_UNUSED_VARIABLE = YES;
				IPHONEOS_DEPLOYMENT_TARGET = 13.4;
				MTL_ENABLE_DEBUG_INFO = NO;
				MTL_FAST_MATH = YES;
				SDKROOT = iphoneos;
				SWIFT_COMPILATION_MODE = wholemodule;
				SWIFT_OPTIMIZATION_LEVEL = "-O";
				VALIDATE_PRODUCT = YES;
			};
			name = Release;
		};
		7061396C245BBE75009F4744 /* Debug */ = {
			isa = XCBuildConfiguration;
			baseConfigurationReference = F51436DB7CD8D3E7A954938E /* Pods-BlueAvalanche.debug.xcconfig */;
			buildSettings = {
				ASSETCATALOG_COMPILER_APPICON_NAME = AppIcon;
				CODE_SIGN_STYLE = Automatic;
				DEVELOPMENT_ASSET_PATHS = "\"BlueAvalanche/Preview Content\"";
				ENABLE_PREVIEWS = YES;
				INFOPLIST_FILE = BlueAvalanche/Info.plist;
				LD_RUNPATH_SEARCH_PATHS = (
					"$(inherited)",
					"@executable_path/Frameworks",
				);
				PRODUCT_BUNDLE_IDENTIFIER = com.codepath.BlueAvalanche;
				PRODUCT_NAME = "$(TARGET_NAME)";
				SWIFT_VERSION = 5.0;
				TARGETED_DEVICE_FAMILY = "1,2";
			};
			name = Debug;
		};
		7061396D245BBE75009F4744 /* Release */ = {
			isa = XCBuildConfiguration;
			baseConfigurationReference = F617A741876CF8A0B7C707B1 /* Pods-BlueAvalanche.release.xcconfig */;
			buildSettings = {
				ASSETCATALOG_COMPILER_APPICON_NAME = AppIcon;
				CODE_SIGN_STYLE = Automatic;
				DEVELOPMENT_ASSET_PATHS = "\"BlueAvalanche/Preview Content\"";
				ENABLE_PREVIEWS = YES;
				INFOPLIST_FILE = BlueAvalanche/Info.plist;
				LD_RUNPATH_SEARCH_PATHS = (
					"$(inherited)",
					"@executable_path/Frameworks",
				);
				PRODUCT_BUNDLE_IDENTIFIER = com.codepath.BlueAvalanche;
				PRODUCT_NAME = "$(TARGET_NAME)";
				SWIFT_VERSION = 5.0;
				TARGETED_DEVICE_FAMILY = "1,2";
			};
			name = Release;
		};
/* End XCBuildConfiguration section */

/* Begin XCConfigurationList section */
		70613952245BBE71009F4744 /* Build configuration list for PBXProject "BlueAvalanche" */ = {
			isa = XCConfigurationList;
			buildConfigurations = (
				70613969245BBE75009F4744 /* Debug */,
				7061396A245BBE75009F4744 /* Release */,
			);
			defaultConfigurationIsVisible = 0;
			defaultConfigurationName = Release;
		};
		7061396B245BBE75009F4744 /* Build configuration list for PBXNativeTarget "BlueAvalanche" */ = {
			isa = XCConfigurationList;
			buildConfigurations = (
				7061396C245BBE75009F4744 /* Debug */,
				7061396D245BBE75009F4744 /* Release */,
			);
			defaultConfigurationIsVisible = 0;
			defaultConfigurationName = Release;
		};
/* End XCConfigurationList section */
	};
	rootObject = 7061394F245BBE71009F4744 /* Project object */;
}
